
Microsoft Visual Studio Solution File, Format Version 12.00
# Visual Studio Version 16
VisualStudioVersion = 16.0.29613.14
MinimumVisualStudioVersion = 10.0.40219.1
Project("{FAE04EC0-301F-11D3-BF4B-00C04F79EFBC}") = "BCharityTHeme", "BCharityTHeme.csproj", "{7D87421F-A930-4B25-967E-F65D70146B73}"
EndProject
Project("{FAE04EC0-301F-11D3-BF4B-00C04F79EFBC}") = "AppHelper", "..\AppHelper\AppHelper.csproj", "{9E843469-770A-473A-B8FF-E7D6921A585C}"
EndProject
Project("{2150E333-8FDC-42A3-9474-1A3956D46DE8}") = "Commons", "Commons", "{9C3AD3CC-4834-4F2D-8091-DA552EECCC3E}"
EndProject
Global
	GlobalSection(SolutionConfigurationPlatforms) = preSolution
		Debug|Any CPU = Debug|Any CPU
		Release|Any CPU = Release|Any CPU
	EndGlobalSection
	GlobalSection(ProjectConfigurationPlatforms) = postSolution
		{7D87421F-A930-4B25-967E-F65D70146B73}.Debug|Any CPU.ActiveCfg = Debug|Any CPU
		{7D87421F-A930-4B25-967E-F65D70146B73}.Debug|Any CPU.Build.0 = Debug|Any CPU
		{7D87421F-A930-4B25-967E-F65D70146B73}.Release|Any CPU.ActiveCfg = Release|Any CPU
		{7D87421F-A930-4B25-967E-F65D70146B73}.Release|Any CPU.Build.0 = Release|Any CPU
		{9E843469-770A-473A-B8FF-E7D6921A585C}.Debug|Any CPU.ActiveCfg = Debug|Any CPU
		{9E843469-770A-473A-B8FF-E7D6921A585C}.Debug|Any CPU.Build.0 = Debug|Any CPU
		{9E843469-770A-473A-B8FF-E7D6921A585C}.Release|Any CPU.ActiveCfg = Release|Any CPU
		{9E843469-770A-473A-B8FF-E7D6921A585C}.Release|Any CPU.Build.0 = Release|Any CPU
	EndGlobalSection
	GlobalSection(SolutionProperties) = preSolution
		HideSolutionNode = FALSE
	EndGlobalSection
	GlobalSection(NestedProjects) = preSolution
		{9E843469-770A-473A-B8FF-E7D6921A585C} = {9C3AD3CC-4834-4F2D-8091-DA552EECCC3E}
	EndGlobalSection
	GlobalSection(ExtensibilityGlobals) = postSolution
		SolutionGuid = {4DD2A20A-C248-4E89-89CB-339823E96DD3}
	EndGlobalSection
EndGlobal
